// !$*UTF8*$!
{
	archiveVersion = 1;
	classes = {
	};
	objectVersion = 46;
	objects = {

/* Begin PBXBuildFile section */
		D8197BB6146EB3BA001A76BC /* UIKit.framework in Frameworks */ = {isa = PBXBuildFile; fileRef = D8197BB5146EB3BA001A76BC /* UIKit.framework */; };
		D8197BB8146EB3BA001A76BC /* Foundation.framework in Frameworks */ = {isa = PBXBuildFile; fileRef = D8197BB7146EB3BA001A76BC /* Foundation.framework */; };
		D8197BBA146EB3BA001A76BC /* CoreGraphics.framework in Frameworks */ = {isa = PBXBuildFile; fileRef = D8197BB9146EB3BA001A76BC /* CoreGraphics.framework */; };
		D8197BC0146EB3BA001A76BC /* InfoPlist.strings in Resources */ = {isa = PBXBuildFile; fileRef = D8197BBE146EB3BA001A76BC /* InfoPlist.strings */; };
		D8197BC2146EB3BA001A76BC /* main.m in Sources */ = {isa = PBXBuildFile; fileRef = D8197BC1146EB3BA001A76BC /* main.m */; };
		D8197BC6146EB3BA001A76BC /* AppDelegate.m in Sources */ = {isa = PBXBuildFile; fileRef = D8197BC5146EB3BA001A76BC /* AppDelegate.m */; };
		D8197BC9146EB3BA001A76BC /* ViewController.m in Sources */ = {isa = PBXBuildFile; fileRef = D8197BC8146EB3BA001A76BC /* ViewController.m */; };
		D8197BCC146EB3BA001A76BC /* ViewController.xib in Resources */ = {isa = PBXBuildFile; fileRef = D8197BCA146EB3BA001A76BC /* ViewController.xib */; };
/* End PBXBuildFile section */

/* Begin PBXFileReference section */
		D8197BB1146EB3BA001A76BC /* test2.app */ = {isa = PBXFileReference; explicitFileType = wrapper.application; includeInIndex = 0; path = test2.app; sourceTree = BUILT_PRODUCTS_DIR; };
		D8197BB5146EB3BA001A76BC /* UIKit.framework */ = {isa = PBXFileReference; lastKnownFileType = wrapper.framework; name = UIKit.framework; path = System/Library/Frameworks/UIKit.framework; sourceTree = SDKROOT; };
		D8197BB7146EB3BA001A76BC /* Foundation.framework */ = {isa = PBXFileReference; lastKnownFileType = wrapper.framework; name = Foundation.framework; path = System/Library/Frameworks/Foundation.framework; sourceTree = SDKROOT; };
		D8197BB9146EB3BA001A76BC /* CoreGraphics.framework */ = {isa = PBXFileReference; lastKnownFileType = wrapper.framework; name = CoreGraphics.framework; path = System/Library/Frameworks/CoreGraphics.framework; sourceTree = SDKROOT; };
		D8197BBD146EB3BA001A76BC /* test2-Info.plist */ = {isa = PBXFileReference; path = "test2-Info.plist"; sourceTree = "<group>"; };
		D8197BBF146EB3BA001A76BC /* en */ = {isa = PBXFileReference; lastKnownFileType = text.plist.strings; name = en; path = en.lproj/InfoPlist.strings; sourceTree = "<group>"; };
		D8197BC1146EB3BA001A76BC /* main.m */ = {isa = PBXFileReference; lastKnownFileType = sourcecode.c.objc; path = main.m; sourceTree = "<group>"; };
		D8197BC3146EB3BA001A76BC /* test2-Prefix.pch */ = {isa = PBXFileReference; path = "test2-Prefix.pch"; sourceTree = "<group>"; };
		D8197BC4146EB3BA001A76BC /* AppDelegate.h */ = {isa = PBXFileReference; path = AppDelegate.h; sourceTree = "<group>"; };
		D8197BC5146EB3BA001A76BC /* AppDelegate.m */ = {isa = PBXFileReference; lastKnownFileType = sourcecode.c.objc; path = AppDelegate.m; sourceTree = "<group>"; };
		D8197BC7146EB3BA001A76BC /* ViewController.h */ = {isa = PBXFileReference; path = ViewController.h; sourceTree = "<group>"; };
		D8197BC8146EB3BA001A76BC /* ViewController.m */ = {isa = PBXFileReference; lastKnownFileType = sourcecode.c.objc; path = ViewController.m; sourceTree = "<group>"; };
		D8197BCB146EB3BA001A76BC /* en */ = {isa = PBXFileReference; lastKnownFileType = file.xib; name = en; path = en.lproj/ViewController.xib; sourceTree = "<group>"; };
/* End PBXFileReference section */

/* Begin PBXFrameworksBuildPhase section */
		D8197BAE146EB3BA001A76BC /* Frameworks */ = {
			isa = PBXFrameworksBuildPhase;
			buildActionMask = 2147483647;
			files = (
				D8197BB6146EB3BA001A76BC /* UIKit.framework in Frameworks */,
				D8197BB8146EB3BA001A76BC /* Foundation.framework in Frameworks */,
				D8197BBA146EB3BA001A76BC /* CoreGraphics.framework in Frameworks */,
			);
			runOnlyForDeploymentPostprocessing = 0;
		};
/* End PBXFrameworksBuildPhase section */

/* Begin PBXGroup section */
		D8197BA6146EB3BA001A76BC = {
			isa = PBXGroup;
			children = (
				D8197BBB146EB3BA001A76BC /* test2 */,
				D8197BB4146EB3BA001A76BC /* Frameworks */,
				D8197BB2146EB3BA001A76BC /* Products */,
			);
			sourceTree = "<group>";
		};
		D8197BB2146EB3BA001A76BC /* Products */ = {
			isa = PBXGroup;
			children = (
				D8197BB1146EB3BA001A76BC /* test2.app */,
			);
			name = Products;
			sourceTree = "<group>";
		};
		D8197BB4146EB3BA001A76BC /* Frameworks */ = {
			isa = PBXGroup;
			children = (
				D8197BB5146EB3BA001A76BC /* UIKit.framework */,
				D8197BB7146EB3BA001A76BC /* Foundation.framework */,
				D8197BB9146EB3BA001A76BC /* CoreGraphics.framework */,
			);
			name = Frameworks;
			sourceTree = "<group>";
		};
		D8197BBB146EB3BA001A76BC /* test2 */ = {
			isa = PBXGroup;
			children = (
				D8197BC4146EB3BA001A76BC /* AppDelegate.h */,
				D8197BC5146EB3BA001A76BC /* AppDelegate.m */,
				D8197BC7146EB3BA001A76BC /* ViewController.h */,
				D8197BC8146EB3BA001A76BC /* ViewController.m */,
				D8197BCA146EB3BA001A76BC /* ViewController.xib */,
				D8197BBC146EB3BA001A76BC /* Supporting Files */,
			);
			path = test2;
			sourceTree = "<group>";
		};
		D8197BBC146EB3BA001A76BC /* Supporting Files */ = {
			isa = PBXGroup;
			children = (
				D8197BBD146EB3BA001A76BC /* test2-Info.plist */,
				D8197BBE146EB3BA001A76BC /* InfoPlist.strings */,
				D8197BC1146EB3BA001A76BC /* main.m */,
				D8197BC3146EB3BA001A76BC /* test2-Prefix.pch */,
			);
			name = "Supporting Files";
			sourceTree = "<group>";
		};
/* End PBXGroup section */

/* Begin PBXNativeTarget section */
		D8197BB0146EB3BA001A76BC /* test2 */ = {
			isa = PBXNativeTarget;
			buildConfigurationList = D8197BCF146EB3BA001A76BC /* Build configuration list for PBXNativeTarget "test2" */;
			buildPhases = (
				D8197BAD146EB3BA001A76BC /* Sources */,
				D8197BAE146EB3BA001A76BC /* Frameworks */,
				D8197BAF146EB3BA001A76BC /* Resources */,
			);
			buildRules = (
			);
			dependencies = (
			);
			name = test2;
			productName = test2;
			productReference = D8197BB1146EB3BA001A76BC /* test2.app */;
			productType = "com.apple.product-type.application";
		};
/* End PBXNativeTarget section */

/* Begin PBXProject section */
		D8197BA8146EB3BA001A76BC /* Project object */ = {
			isa = PBXProject;
			attributes = {
				LastUpgradeCheck = 0420;
				ORGANIZATIONNAME = kyoto;
			};
			buildConfigurationList = D8197BAB146EB3BA001A76BC /* Build configuration list for PBXProject "test2" */;
			compatibilityVersion = "Xcode 3.2";
			developmentRegion = English;
			hasScannedForEncodings = 0;
			knownRegions = (
				en,
			);
			mainGroup = D8197BA6146EB3BA001A76BC;
			productRefGroup = D8197BB2146EB3BA001A76BC /* Products */;
			projectDirPath = "";
			projectRoot = "";
			targets = (
				D8197BB0146EB3BA001A76BC /* test2 */,
			);
		};
/* End PBXProject section */

/* Begin PBXResourcesBuildPhase section */
		D8197BAF146EB3BA001A76BC /* Resources */ = {
			isa = PBXResourcesBuildPhase;
			buildActionMask = 2147483647;
			files = (
				D8197BC0146EB3BA001A76BC /* InfoPlist.strings in Resources */,
				D8197BCC146EB3BA001A76BC /* ViewController.xib in Resources */,
			);
			runOnlyForDeploymentPostprocessing = 0;
		};
/* End PBXResourcesBuildPhase section */

/* Begin PBXSourcesBuildPhase section */
		D8197BAD146EB3BA001A76BC /* Sources */ = {
			isa = PBXSourcesBuildPhase;
			buildActionMask = 2147483647;
			files = (
				D8197BC2146EB3BA001A76BC /* main.m in Sources */,
				D8197BC6146EB3BA001A76BC /* AppDelegate.m in Sources */,
				D8197BC9146EB3BA001A76BC /* ViewController.m in Sources */,
			);
			runOnlyForDeploymentPostprocessing = 0;
		};
/* End PBXSourcesBuildPhase section */

/* Begin PBXVariantGroup section */
		D8197BBE146EB3BA001A76BC /* InfoPlist.strings */ = {
			isa = PBXVariantGroup;
			children = (
				D8197BBF146EB3BA001A76BC /* en */,
			);
			name = InfoPlist.strings;
			sourceTree = "<group>";
		};
		D8197BCA146EB3BA001A76BC /* ViewController.xib */ = {
			isa = PBXVariantGroup;
			children = (
				D8197BCB146EB3BA001A76BC /* en */,
			);
			name = ViewController.xib;
			sourceTree = "<group>";
		};
/* End PBXVariantGroup section */

/* Begin XCBuildConfiguration section */
		D8197BCD146EB3BA001A76BC /* Debug */ = {
			isa = XCBuildConfiguration;
			buildSettings = {
				ALWAYS_SEARCH_USER_PATHS = NO;
				ARCHS = "$(ARCHS_STANDARD_32_BIT)";
				"CODE_SIGN_IDENTITY[sdk=iphoneos*]" = "iPhone Developer";
				COPY_PHASE_STRIP = NO;
				GCC_C_LANGUAGE_STANDARD = gnu99;
				GCC_DYNAMIC_NO_PIC = NO;
				GCC_OPTIMIZATION_LEVEL = 0;
				GCC_PREPROCESSOR_DEFINITIONS = (
					"DEBUG=1",
					"$(inherited)",
				);
				GCC_SYMBOLS_PRIVATE_EXTERN = NO;
				GCC_VERSION = com.apple.compilers.llvm.clang.1_0;
				GCC_WARN_ABOUT_MISSING_PROTOTYPES = YES;
				GCC_WARN_ABOUT_RETURN_TYPE = YES;
				GCC_WARN_UNUSED_VARIABLE = YES;
				IPHONEOS_DEPLOYMENT_TARGET = 5.0;
				SDKROOT = iphoneos;
			};
			name = Debug;
		};
		D8197BCE146EB3BA001A76BC /* Release */ = {
			isa = XCBuildConfiguration;
			buildSettings = {
				ALWAYS_SEARCH_USER_PATHS = NO;
				ARCHS = "$(ARCHS_STANDARD_32_BIT)";
				"CODE_SIGN_IDENTITY[sdk=iphoneos*]" = "iPhone Developer";
				COPY_PHASE_STRIP = YES;
				GCC_C_LANGUAGE_STANDARD = gnu99;
				GCC_VERSION = com.apple.compilers.llvm.clang.1_0;
				GCC_WARN_ABOUT_MISSING_PROTOTYPES = YES;
				GCC_WARN_ABOUT_RETURN_TYPE = YES;
				GCC_WARN_UNUSED_VARIABLE = YES;
				IPHONEOS_DEPLOYMENT_TARGET = 5.0;
				OTHER_CFLAGS = "-DNS_BLOCK_ASSERTIONS=1";
				SDKROOT = iphoneos;
				VALIDATE_PRODUCT = YES;
			};
			name = Release;
		};
		D8197BD0146EB3BA001A76BC /* Debug */ = {
			isa = XCBuildConfiguration;
			buildSettings = {
				GCC_PRECOMPILE_PREFIX_HEADER = YES;
				GCC_PREFIX_HEADER = "test2/test2-Prefix.pch";
				INFOPLIST_FILE = "test2/test2-Info.plist";
				PRODUCT_NAME = "$(TARGET_NAME)";
				WRAPPER_EXTENSION = app;
			};
			name = Debug;
		};
		D8197BD1146EB3BA001A76BC /* Release */ = {
			isa = XCBuildConfiguration;
			buildSettings = {
				GCC_PRECOMPILE_PREFIX_HEADER = YES;
				GCC_PREFIX_HEADER = "test2/test2-Prefix.pch";
				INFOPLIST_FILE = "test2/test2-Info.plist";
				PRODUCT_NAME = "$(TARGET_NAME)";
				WRAPPER_EXTENSION = app;
			};
			name = Release;
		};
/* End XCBuildConfiguration section */

/* Begin XCConfigurationList section */
		D8197BAB146EB3BA001A76BC /* Build configuration list for PBXProject "test2" */ = {
			isa = XCConfigurationList;
			buildConfigurations = (
				D8197BCD146EB3BA001A76BC /* Debug */,
				D8197BCE146EB3BA001A76BC /* Release */,
			);
			defaultConfigurationIsVisible = 0;
			defaultConfigurationName = Release;
		};
		D8197BCF146EB3BA001A76BC /* Build configuration list for PBXNativeTarget "test2" */ = {
			isa = XCConfigurationList;
			buildConfigurations = (
				D8197BD0146EB3BA001A76BC /* Debug */,
				D8197BD1146EB3BA001A76BC /* Release */,
			);
			defaultConfigurationIsVisible = 0;
		};
/* End XCConfigurationList section */
	};
	rootObject = D8197BA8146EB3BA001A76BC /* Project object */;
}
